
Microsoft Visual Studio Solution File, Format Version 12.00
# Visual Studio 15
Project("{FAE04EC0-301F-11D3-BF4B-00C04F79EFBC}") = "Siccity.GLTFUtility", "Siccity.GLTFUtility.csproj", "{DA5266F7-AC80-3460-0FB9-FE9ECB538168}"
EndProject
Project("{FAE04EC0-301F-11D3-BF4B-00C04F79EFBC}") = "Assembly-CSharp", "Assembly-CSharp.csproj", "{83E668D3-C026-CF57-6D8E-6316B455AE2B}"
EndProject
Project("{FAE04EC0-301F-11D3-BF4B-00C04F79EFBC}") = "Dracodec", "Dracodec.csproj", "{455324CB-8541-E47E-7EC0-44176BF6717D}"
EndProject
Project("{FAE04EC0-301F-11D3-BF4B-00C04F79EFBC}") = "Siccity.GLTFUtility.Editor", "Siccity.GLTFUtility.Editor.csproj", "{D5E52F07-0940-011A-72F0-859BF36F5E10}"
EndProject
Project("{FAE04EC0-301F-11D3-BF4B-00C04F79EFBC}") = "Assembly-CSharp-Editor", "Assembly-CSharp-Editor.csproj", "{717290EF-998F-B986-0B46-66DF2A804256}"
EndProject
Global
	GlobalSection(SolutionConfigurationPlatforms) = preSolution
		Debug|Any CPU = Debug|Any CPU
		Release|Any CPU = Release|Any CPU
	EndGlobalSection
	GlobalSection(ProjectConfigurationPlatforms) = postSolution
		{DA5266F7-AC80-3460-0FB9-FE9ECB538168}.Debug|Any CPU.ActiveCfg = Debug|Any CPU
		{DA5266F7-AC80-3460-0FB9-FE9ECB538168}.Debug|Any CPU.Build.0 = Debug|Any CPU
		{DA5266F7-AC80-3460-0FB9-FE9ECB538168}.Release|Any CPU.ActiveCfg = Release|Any CPU
		{DA5266F7-AC80-3460-0FB9-FE9ECB538168}.Release|Any CPU.Build.0 = Release|Any CPU
		{83E668D3-C026-CF57-6D8E-6316B455AE2B}.Debug|Any CPU.ActiveCfg = Debug|Any CPU
		{83E668D3-C026-CF57-6D8E-6316B455AE2B}.Debug|Any CPU.Build.0 = Debug|Any CPU
		{83E668D3-C026-CF57-6D8E-6316B455AE2B}.Release|Any CPU.ActiveCfg = Release|Any CPU
		{83E668D3-C026-CF57-6D8E-6316B455AE2B}.Release|Any CPU.Build.0 = Release|Any CPU
		{455324CB-8541-E47E-7EC0-44176BF6717D}.Debug|Any CPU.ActiveCfg = Debug|Any CPU
		{455324CB-8541-E47E-7EC0-44176BF6717D}.Debug|Any CPU.Build.0 = Debug|Any CPU
		{455324CB-8541-E47E-7EC0-44176BF6717D}.Release|Any CPU.ActiveCfg = Release|Any CPU
		{455324CB-8541-E47E-7EC0-44176BF6717D}.Release|Any CPU.Build.0 = Release|Any CPU
		{D5E52F07-0940-011A-72F0-859BF36F5E10}.Debug|Any CPU.ActiveCfg = Debug|Any CPU
		{D5E52F07-0940-011A-72F0-859BF36F5E10}.Debug|Any CPU.Build.0 = Debug|Any CPU
		{D5E52F07-0940-011A-72F0-859BF36F5E10}.Release|Any CPU.ActiveCfg = Release|Any CPU
		{D5E52F07-0940-011A-72F0-859BF36F5E10}.Release|Any CPU.Build.0 = Release|Any CPU
		{717290EF-998F-B986-0B46-66DF2A804256}.Debug|Any CPU.ActiveCfg = Debug|Any CPU
		{717290EF-998F-B986-0B46-66DF2A804256}.Debug|Any CPU.Build.0 = Debug|Any CPU
		{717290EF-998F-B986-0B46-66DF2A804256}.Release|Any CPU.ActiveCfg = Release|Any CPU
		{717290EF-998F-B986-0B46-66DF2A804256}.Release|Any CPU.Build.0 = Release|Any CPU
	EndGlobalSection
	GlobalSection(SolutionProperties) = preSolution
		HideSolutionNode = FALSE
	EndGlobalSection
EndGlobal
